// !$*UTF8*$!
{
	archiveVersion = 1;
	classes = {
	};
	objectVersion = 48;
	objects = {

/* Begin PBXBuildFile section */
		480DCF6220B44B4400533B3A /* AppDelegate.swift in Sources */ = {isa = PBXBuildFile; fileRef = 480DCF6120B44B4400533B3A /* AppDelegate.swift */; };
		480DCF6420B44B4400533B3A /* ViewController.swift in Sources */ = {isa = PBXBuildFile; fileRef = 480DCF6320B44B4400533B3A /* ViewController.swift */; };
		480DCF6720B44B4400533B3A /* Main.storyboard in Resources */ = {isa = PBXBuildFile; fileRef = 480DCF6520B44B4400533B3A /* Main.storyboard */; };
		480DCF6920B44B4400533B3A /* Assets.xcassets in Resources */ = {isa = PBXBuildFile; fileRef = 480DCF6820B44B4400533B3A /* Assets.xcassets */; };
		480DCF6C20B44B4400533B3A /* LaunchScreen.storyboard in Resources */ = {isa = PBXBuildFile; fileRef = 480DCF6A20B44B4400533B3A /* LaunchScreen.storyboard */; };
		480DCF7720B44B4500533B3A /* MyAppTests.swift in Sources */ = {isa = PBXBuildFile; fileRef = 480DCF7620B44B4500533B3A /* MyAppTests.swift */; };
		480DCF8220B44B4500533B3A /* MyAppUITests.swift in Sources */ = {isa = PBXBuildFile; fileRef = 480DCF8120B44B4500533B3A /* MyAppUITests.swift */; };
/* End PBXBuildFile section */

/* Begin PBXContainerItemProxy section */
		480DCF7320B44B4500533B3A /* PBXContainerItemProxy */ = {
			isa = PBXContainerItemProxy;
			containerPortal = 480DCF5620B44B4400533B3A /* Project object */;
			proxyType = 1;
			remoteGlobalIDString = 480DCF5D20B44B4400533B3A;
			remoteInfo = MyApp;
		};
		480DCF7E20B44B4500533B3A /* PBXContainerItemProxy */ = {
			isa = PBXContainerItemProxy;
			containerPortal = 480DCF5620B44B4400533B3A /* Project object */;
			proxyType = 1;
			remoteGlobalIDString = 480DCF5D20B44B4400533B3A;
			remoteInfo = MyApp;
		};
/* End PBXContainerItemProxy section */

/* Begin PBXFileReference section */
		480DCF5E20B44B4400533B3A /* MyApp.app */ = {isa = PBXFileReference; explicitFileType = wrapper.application; includeInIndex = 0; path = MyApp.app; sourceTree = BUILT_PRODUCTS_DIR; };
		480DCF6120B44B4400533B3A /* AppDelegate.swift */ = {isa = PBXFileReference; lastKnownFileType = sourcecode.swift; path = AppDelegate.swift; sourceTree = "<group>"; };
		480DCF6320B44B4400533B3A /* ViewController.swift */ = {isa = PBXFileReference; lastKnownFileType = sourcecode.swift; path = ViewController.swift; sourceTree = "<group>"; };
		480DCF6620B44B4400533B3A /* Base */ = {isa = PBXFileReference; lastKnownFileType = file.storyboard; name = Base; path = Base.lproj/Main.storyboard; sourceTree = "<group>"; };
		480DCF6820B44B4400533B3A /* Assets.xcassets */ = {isa = PBXFileReference; lastKnownFileType = folder.assetcatalog; path = Assets.xcassets; sourceTree = "<group>"; };
		480DCF6B20B44B4400533B3A /* Base */ = {isa = PBXFileReference; lastKnownFileType = file.storyboard; name = Base; path = Base.lproj/LaunchScreen.storyboard; sourceTree = "<group>"; };
		480DCF6D20B44B4400533B3A /* Info.plist */ = {isa = PBXFileReference; lastKnownFileType = text.plist.xml; path = Info.plist; sourceTree = "<group>"; };
		480DCF7220B44B4500533B3A /* MyAppTests.xctest */ = {isa = PBXFileReference; explicitFileType = wrapper.cfbundle; includeInIndex = 0; path = MyAppTests.xctest; sourceTree = BUILT_PRODUCTS_DIR; };
		480DCF7620B44B4500533B3A /* MyAppTests.swift */ = {isa = PBXFileReference; lastKnownFileType = sourcecode.swift; path = MyAppTests.swift; sourceTree = "<group>"; };
		480DCF7820B44B4500533B3A /* Info.plist */ = {isa = PBXFileReference; lastKnownFileType = text.plist.xml; path = Info.plist; sourceTree = "<group>"; };
		480DCF7D20B44B4500533B3A /* MyAppUITests.xctest */ = {isa = PBXFileReference; explicitFileType = wrapper.cfbundle; includeInIndex = 0; path = MyAppUITests.xctest; sourceTree = BUILT_PRODUCTS_DIR; };
		480DCF8120B44B4500533B3A /* MyAppUITests.swift */ = {isa = PBXFileReference; lastKnownFileType = sourcecode.swift; path = MyAppUITests.swift; sourceTree = "<group>"; };
		480DCF8320B44B4500533B3A /* Info.plist */ = {isa = PBXFileReference; lastKnownFileType = text.plist.xml; path = Info.plist; sourceTree = "<group>"; };
/* End PBXFileReference section */

/* Begin PBXFrameworksBuildPhase section */
		480DCF5B20B44B4400533B3A /* Frameworks */ = {
			isa = PBXFrameworksBuildPhase;
			buildActionMask = 2147483647;
			files = (
			);
			runOnlyForDeploymentPostprocessing = 0;
		};
		480DCF6F20B44B4500533B3A /* Frameworks */ = {
			isa = PBXFrameworksBuildPhase;
			buildActionMask = 2147483647;
			files = (
			);
			runOnlyForDeploymentPostprocessing = 0;
		};
		480DCF7A20B44B4500533B3A /* Frameworks */ = {
			isa = PBXFrameworksBuildPhase;
			buildActionMask = 2147483647;
			files = (
			);
			runOnlyForDeploymentPostprocessing = 0;
		};
/* End PBXFrameworksBuildPhase section */

/* Begin PBXGroup section */
		480DCF5520B44B4400533B3A = {
			isa = PBXGroup;
			children = (
				480DCF6020B44B4400533B3A /* MyApp */,
				480DCF7520B44B4500533B3A /* MyAppTests */,
				480DCF8020B44B4500533B3A /* MyAppUITests */,
				480DCF5F20B44B4400533B3A /* Products */,
			);
			sourceTree = "<group>";
		};
		480DCF5F20B44B4400533B3A /* Products */ = {
			isa = PBXGroup;
			children = (
				480DCF5E20B44B4400533B3A /* MyApp.app */,
				480DCF7220B44B4500533B3A /* MyAppTests.xctest */,
				480DCF7D20B44B4500533B3A /* MyAppUITests.xctest */,
			);
			name = Products;
			sourceTree = "<group>";
		};
		480DCF6020B44B4400533B3A /* MyApp */ = {
			isa = PBXGroup;
			children = (
				480DCF6120B44B4400533B3A /* AppDelegate.swift */,
				480DCF6320B44B4400533B3A /* ViewController.swift */,
				480DCF6520B44B4400533B3A /* Main.storyboard */,
				480DCF6820B44B4400533B3A /* Assets.xcassets */,
				480DCF6A20B44B4400533B3A /* LaunchScreen.storyboard */,
				480DCF6D20B44B4400533B3A /* Info.plist */,
			);
			path = MyApp;
			sourceTree = "<group>";
		};
		480DCF7520B44B4500533B3A /* MyAppTests */ = {
			isa = PBXGroup;
			children = (
				480DCF7620B44B4500533B3A /* MyAppTests.swift */,
				480DCF7820B44B4500533B3A /* Info.plist */,
			);
			path = MyAppTests;
			sourceTree = "<group>";
		};
		480DCF8020B44B4500533B3A /* MyAppUITests */ = {
			isa = PBXGroup;
			children = (
				480DCF8120B44B4500533B3A /* MyAppUITests.swift */,
				480DCF8320B44B4500533B3A /* Info.plist */,
			);
			path = MyAppUITests;
			sourceTree = "<group>";
		};
/* End PBXGroup section */

/* Begin PBXNativeTarget section */
		480DCF5D20B44B4400533B3A /* MyApp */ = {
			isa = PBXNativeTarget;
			buildConfigurationList = 480DCF8620B44B4500533B3A /* Build configuration list for PBXNativeTarget "MyApp" */;
			buildPhases = (
				480DCF5A20B44B4400533B3A /* Sources */,
				480DCF5B20B44B4400533B3A /* Frameworks */,
				480DCF5C20B44B4400533B3A /* Resources */,
			);
			buildRules = (
			);
			dependencies = (
			);
			name = MyApp;
			productName = MyApp;
			productReference = 480DCF5E20B44B4400533B3A /* MyApp.app */;
			productType = "com.apple.product-type.application";
		};
		480DCF7120B44B4500533B3A /* MyAppTests */ = {
			isa = PBXNativeTarget;
			buildConfigurationList = 480DCF8920B44B4500533B3A /* Build configuration list for PBXNativeTarget "MyAppTests" */;
			buildPhases = (
				480DCF6E20B44B4500533B3A /* Sources */,
				480DCF6F20B44B4500533B3A /* Frameworks */,
				480DCF7020B44B4500533B3A /* Resources */,
			);
			buildRules = (
			);
			dependencies = (
				480DCF7420B44B4500533B3A /* PBXTargetDependency */,
			);
			name = MyAppTests;
			productName = MyAppTests;
			productReference = 480DCF7220B44B4500533B3A /* MyAppTests.xctest */;
			productType = "com.apple.product-type.bundle.unit-test";
		};
		480DCF7C20B44B4500533B3A /* MyAppUITests */ = {
			isa = PBXNativeTarget;
			buildConfigurationList = 480DCF8C20B44B4500533B3A /* Build configuration list for PBXNativeTarget "MyAppUITests" */;
			buildPhases = (
				480DCF7920B44B4500533B3A /* Sources */,
				480DCF7A20B44B4500533B3A /* Frameworks */,
				480DCF7B20B44B4500533B3A /* Resources */,
			);
			buildRules = (
			);
			dependencies = (
				480DCF7F20B44B4500533B3A /* PBXTargetDependency */,
			);
			name = MyAppUITests;
			productName = MyAppUITests;
			productReference = 480DCF7D20B44B4500533B3A /* MyAppUITests.xctest */;
			productType = "com.apple.product-type.bundle.ui-testing";
		};
/* End PBXNativeTarget section */

/* Begin PBXProject section */
		480DCF5620B44B4400533B3A /* Project object */ = {
			isa = PBXProject;
			attributes = {
				LastSwiftUpdateCheck = 0910;
				LastUpgradeCheck = 0910;
				ORGANIZATIONNAME = "thanh tung";
				TargetAttributes = {
					480DCF5D20B44B4400533B3A = {
						CreatedOnToolsVersion = 9.1;
						ProvisioningStyle = Automatic;
					};
					480DCF7120B44B4500533B3A = {
						CreatedOnToolsVersion = 9.1;
						ProvisioningStyle = Automatic;
						TestTargetID = 480DCF5D20B44B4400533B3A;
					};
					480DCF7C20B44B4500533B3A = {
						CreatedOnToolsVersion = 9.1;
						ProvisioningStyle = Automatic;
						TestTargetID = 480DCF5D20B44B4400533B3A;
					};
				};
			};
			buildConfigurationList = 480DCF5920B44B4400533B3A /* Build configuration list for PBXProject "MyApp" */;
			compatibilityVersion = "Xcode 8.0";
			developmentRegion = en;
			hasScannedForEncodings = 0;
			knownRegions = (
				en,
				Base,
			);
			mainGroup = 480DCF5520B44B4400533B3A;
			productRefGroup = 480DCF5F20B44B4400533B3A /* Products */;
			projectDirPath = "";
			projectRoot = "";
			targets = (
				480DCF5D20B44B4400533B3A /* MyApp */,
				480DCF7120B44B4500533B3A /* MyAppTests */,
				480DCF7C20B44B4500533B3A /* MyAppUITests */,
			);
		};
/* End PBXProject section */

/* Begin PBXResourcesBuildPhase section */
		480DCF5C20B44B4400533B3A /* Resources */ = {
			isa = PBXResourcesBuildPhase;
			buildActionMask = 2147483647;
			files = (
				480DCF6C20B44B4400533B3A /* LaunchScreen.storyboard in Resources */,
				480DCF6920B44B4400533B3A /* Assets.xcassets in Resources */,
				480DCF6720B44B4400533B3A /* Main.storyboard in Resources */,
			);
			runOnlyForDeploymentPostprocessing = 0;
		};
		480DCF7020B44B4500533B3A /* Resources */ = {
			isa = PBXResourcesBuildPhase;
			buildActionMask = 2147483647;
			files = (
			);
			runOnlyForDeploymentPostprocessing = 0;
		};
		480DCF7B20B44B4500533B3A /* Resources */ = {
			isa = PBXResourcesBuildPhase;
			buildActionMask = 2147483647;
			files = (
			);
			runOnlyForDeploymentPostprocessing = 0;
		};
/* End PBXResourcesBuildPhase section */

/* Begin PBXSourcesBuildPhase section */
		480DCF5A20B44B4400533B3A /* Sources */ = {
			isa = PBXSourcesBuildPhase;
			buildActionMask = 2147483647;
			files = (
				480DCF6420B44B4400533B3A /* ViewController.swift in Sources */,
				480DCF6220B44B4400533B3A /* AppDelegate.swift in Sources */,
			);
			runOnlyForDeploymentPostprocessing = 0;
		};
		480DCF6E20B44B4500533B3A /* Sources */ = {
			isa = PBXSourcesBuildPhase;
			buildActionMask = 2147483647;
			files = (
				480DCF7720B44B4500533B3A /* MyAppTests.swift in Sources */,
			);
			runOnlyForDeploymentPostprocessing = 0;
		};
		480DCF7920B44B4500533B3A /* Sources */ = {
			isa = PBXSourcesBuildPhase;
			buildActionMask = 2147483647;
			files = (
				480DCF8220B44B4500533B3A /* MyAppUITests.swift in Sources */,
			);
			runOnlyForDeploymentPostprocessing = 0;
		};
/* End PBXSourcesBuildPhase section */

/* Begin PBXTargetDependency section */
		480DCF7420B44B4500533B3A /* PBXTargetDependency */ = {
			isa = PBXTargetDependency;
			target = 480DCF5D20B44B4400533B3A /* MyApp */;
			targetProxy = 480DCF7320B44B4500533B3A /* PBXContainerItemProxy */;
		};
		480DCF7F20B44B4500533B3A /* PBXTargetDependency */ = {
			isa = PBXTargetDependency;
			target = 480DCF5D20B44B4400533B3A /* MyApp */;
			targetProxy = 480DCF7E20B44B4500533B3A /* PBXContainerItemProxy */;
		};
/* End PBXTargetDependency section */

/* Begin PBXVariantGroup section */
		480DCF6520B44B4400533B3A /* Main.storyboard */ = {
			isa = PBXVariantGroup;
			children = (
				480DCF6620B44B4400533B3A /* Base */,
			);
			name = Main.storyboard;
			sourceTree = "<group>";
		};
		480DCF6A20B44B4400533B3A /* LaunchScreen.storyboard */ = {
			isa = PBXVariantGroup;
			children = (
				480DCF6B20B44B4400533B3A /* Base */,
			);
			name = LaunchScreen.storyboard;
			sourceTree = "<group>";
		};
/* End PBXVariantGroup section */

/* Begin XCBuildConfiguration section */
		480DCF8420B44B4500533B3A /* Debug */ = {
			isa = XCBuildConfiguration;
			buildSettings = {
				ALWAYS_SEARCH_USER_PATHS = NO;
				CLANG_ANALYZER_NONNULL = YES;
				CLANG_ANALYZER_NUMBER_OBJECT_CONVERSION = YES_AGGRESSIVE;
				CLANG_CXX_LANGUAGE_STANDARD = "gnu++14";
				CLANG_CXX_LIBRARY = "libc++";
				CLANG_ENABLE_MODULES = YES;
				CLANG_ENABLE_OBJC_ARC = YES;
				CLANG_WARN_BLOCK_CAPTURE_AUTORELEASING = YES;
				CLANG_WARN_BOOL_CONVERSION = YES;
				CLANG_WARN_COMMA = YES;
				CLANG_WARN_CONSTANT_CONVERSION = YES;
				CLANG_WARN_DIRECT_OBJC_ISA_USAGE = YES_ERROR;
				CLANG_WARN_DOCUMENTATION_COMMENTS = YES;
				CLANG_WARN_EMPTY_BODY = YES;
				CLANG_WARN_ENUM_CONVERSION = YES;
				CLANG_WARN_INFINITE_RECURSION = YES;
				CLANG_WARN_INT_CONVERSION = YES;
				CLANG_WARN_NON_LITERAL_NULL_CONVERSION = YES;
				CLANG_WARN_OBJC_LITERAL_CONVERSION = YES;
				CLANG_WARN_OBJC_ROOT_CLASS = YES_ERROR;
				CLANG_WARN_RANGE_LOOP_ANALYSIS = YES;
				CLANG_WARN_STRICT_PROTOTYPES = YES;
				CLANG_WARN_SUSPICIOUS_MOVE = YES;
				CLANG_WARN_UNGUARDED_AVAILABILITY = YES_AGGRESSIVE;
				CLANG_WARN_UNREACHABLE_CODE = YES;
				CLANG_WARN__DUPLICATE_METHOD_MATCH = YES;
				CODE_SIGN_IDENTITY = "iPhone Developer";
				COPY_PHASE_STRIP = NO;
				DEBUG_INFORMATION_FORMAT = dwarf;
				ENABLE_STRICT_OBJC_MSGSEND = YES;
				ENABLE_TESTABILITY = YES;
				GCC_C_LANGUAGE_STANDARD = gnu11;
				GCC_DYNAMIC_NO_PIC = NO;
				GCC_NO_COMMON_BLOCKS = YES;
				GCC_OPTIMIZATION_LEVEL = 0;
				GCC_PREPROCESSOR_DEFINITIONS = (
					"DEBUG=1",
					"$(inherited)",
				);
				GCC_WARN_64_TO_32_BIT_CONVERSION = YES;
				GCC_WARN_ABOUT_RETURN_TYPE = YES_ERROR;
				GCC_WARN_UNDECLARED_SELECTOR = YES;
				GCC_WARN_UNINITIALIZED_AUTOS = YES_AGGRESSIVE;
				GCC_WARN_UNUSED_FUNCTION = YES;
				GCC_WARN_UNUSED_VARIABLE = YES;
				IPHONEOS_DEPLOYMENT_TARGET = 11.1;
				MTL_ENABLE_DEBUG_INFO = YES;
				ONLY_ACTIVE_ARCH = YES;
				SDKROOT = iphoneos;
				SWIFT_ACTIVE_COMPILATION_CONDITIONS = DEBUG;
				SWIFT_OPTIMIZATION_LEVEL = "-Onone";
			};
			name = Debug;
		};
		480DCF8520B44B4500533B3A /* Release */ = {
			isa = XCBuildConfiguration;
			buildSettings = {
				ALWAYS_SEARCH_USER_PATHS = NO;
				CLANG_ANALYZER_NONNULL = YES;
				CLANG_ANALYZER_NUMBER_OBJECT_CONVERSION = YES_AGGRESSIVE;
				CLANG_CXX_LANGUAGE_STANDARD = "gnu++14";
				CLANG_CXX_LIBRARY = "libc++";
				CLANG_ENABLE_MODULES = YES;
				CLANG_ENABLE_OBJC_ARC = YES;
				CLANG_WARN_BLOCK_CAPTURE_AUTORELEASING = YES;
				CLANG_WARN_BOOL_CONVERSION = YES;
				CLANG_WARN_COMMA = YES;
				CLANG_WARN_CONSTANT_CONVERSION = YES;
				CLANG_WARN_DIRECT_OBJC_ISA_USAGE = YES_ERROR;
				CLANG_WARN_DOCUMENTATION_COMMENTS = YES;
				CLANG_WARN_EMPTY_BODY = YES;
				CLANG_WARN_ENUM_CONVERSION = YES;
				CLANG_WARN_INFINITE_RECURSION = YES;
				CLANG_WARN_INT_CONVERSION = YES;
				CLANG_WARN_NON_LITERAL_NULL_CONVERSION = YES;
				CLANG_WARN_OBJC_LITERAL_CONVERSION = YES;
				CLANG_WARN_OBJC_ROOT_CLASS = YES_ERROR;
				CLANG_WARN_RANGE_LOOP_ANALYSIS = YES;
				CLANG_WARN_STRICT_PROTOTYPES = YES;
				CLANG_WARN_SUSPICIOUS_MOVE = YES;
				CLANG_WARN_UNGUARDED_AVAILABILITY = YES_AGGRESSIVE;
				CLANG_WARN_UNREACHABLE_CODE = YES;
				CLANG_WARN__DUPLICATE_METHOD_MATCH = YES;
				CODE_SIGN_IDENTITY = "iPhone Developer";
				COPY_PHASE_STRIP = NO;
				DEBUG_INFORMATION_FORMAT = "dwarf-with-dsym";
				ENABLE_NS_ASSERTIONS = NO;
				ENABLE_STRICT_OBJC_MSGSEND = YES;
				GCC_C_LANGUAGE_STANDARD = gnu11;
				GCC_NO_COMMON_BLOCKS = YES;
				GCC_WARN_64_TO_32_BIT_CONVERSION = YES;
				GCC_WARN_ABOUT_RETURN_TYPE = YES_ERROR;
				GCC_WARN_UNDECLARED_SELECTOR = YES;
				GCC_WARN_UNINITIALIZED_AUTOS = YES_AGGRESSIVE;
				GCC_WARN_UNUSED_FUNCTION = YES;
				GCC_WARN_UNUSED_VARIABLE = YES;
				IPHONEOS_DEPLOYMENT_TARGET = 11.1;
				MTL_ENABLE_DEBUG_INFO = NO;
				SDKROOT = iphoneos;
				SWIFT_OPTIMIZATION_LEVEL = "-Owholemodule";
				VALIDATE_PRODUCT = YES;
			};
			name = Release;
		};
		480DCF8720B44B4500533B3A /* Debug */ = {
			isa = XCBuildConfiguration;
			buildSettings = {
				ASSETCATALOG_COMPILER_APPICON_NAME = AppIcon;
				CODE_SIGN_STYLE = Automatic;
				DEVELOPMENT_TEAM = 47JG3M6R2V;
				INFOPLIST_FILE = MyApp/Info.plist;
				LD_RUNPATH_SEARCH_PATHS = "$(inherited) @executable_path/Frameworks";
				PRODUCT_BUNDLE_IDENTIFIER = com.thanhtung.MyApp;
				PRODUCT_NAME = "$(TARGET_NAME)";
				SWIFT_VERSION = 4.0;
				TARGETED_DEVICE_FAMILY = "1,2";
			};
			name = Debug;
		};
		480DCF8820B44B4500533B3A /* Release */ = {
			isa = XCBuildConfiguration;
			buildSettings = {
				ASSETCATALOG_COMPILER_APPICON_NAME = AppIcon;
				CODE_SIGN_STYLE = Automatic;
				DEVELOPMENT_TEAM = 47JG3M6R2V;
				INFOPLIST_FILE = MyApp/Info.plist;
				LD_RUNPATH_SEARCH_PATHS = "$(inherited) @executable_path/Frameworks";
				PRODUCT_BUNDLE_IDENTIFIER = com.thanhtung.MyApp;
				PRODUCT_NAME = "$(TARGET_NAME)";
				SWIFT_VERSION = 4.0;
				TARGETED_DEVICE_FAMILY = "1,2";
			};
			name = Release;
		};
		480DCF8A20B44B4500533B3A /* Debug */ = {
			isa = XCBuildConfiguration;
			buildSettings = {
				ALWAYS_EMBED_SWIFT_STANDARD_LIBRARIES = YES;
				BUNDLE_LOADER = "$(TEST_HOST)";
				CODE_SIGN_STYLE = Automatic;
				DEVELOPMENT_TEAM = 47JG3M6R2V;
				INFOPLIST_FILE = MyAppTests/Info.plist;
				LD_RUNPATH_SEARCH_PATHS = "$(inherited) @executable_path/Frameworks @loader_path/Frameworks";
				PRODUCT_BUNDLE_IDENTIFIER = com.thanhtung.MyAppTests;
				PRODUCT_NAME = "$(TARGET_NAME)";
				SWIFT_VERSION = 4.0;
				TARGETED_DEVICE_FAMILY = "1,2";
				TEST_HOST = "$(BUILT_PRODUCTS_DIR)/MyApp.app/MyApp";
			};
			name = Debug;
		};
		480DCF8B20B44B4500533B3A /* Release */ = {
			isa = XCBuildConfiguration;
			buildSettings = {
				ALWAYS_EMBED_SWIFT_STANDARD_LIBRARIES = YES;
				BUNDLE_LOADER = "$(TEST_HOST)";
				CODE_SIGN_STYLE = Automatic;
				DEVELOPMENT_TEAM = 47JG3M6R2V;
				INFOPLIST_FILE = MyAppTests/Info.plist;
				LD_RUNPATH_SEARCH_PATHS = "$(inherited) @executable_path/Frameworks @loader_path/Frameworks";
				PRODUCT_BUNDLE_IDENTIFIER = com.thanhtung.MyAppTests;
				PRODUCT_NAME = "$(TARGET_NAME)";
				SWIFT_VERSION = 4.0;
				TARGETED_DEVICE_FAMILY = "1,2";
				TEST_HOST = "$(BUILT_PRODUCTS_DIR)/MyApp.app/MyApp";
			};
			name = Release;
		};
		480DCF8D20B44B4500533B3A /* Debug */ = {
			isa = XCBuildConfiguration;
			buildSettings = {
				ALWAYS_EMBED_SWIFT_STANDARD_LIBRARIES = YES;
				CODE_SIGN_STYLE = Automatic;
				DEVELOPMENT_TEAM = 47JG3M6R2V;
				INFOPLIST_FILE = MyAppUITests/Info.plist;
				LD_RUNPATH_SEARCH_PATHS = "$(inherited) @executable_path/Frameworks @loader_path/Frameworks";
				PRODUCT_BUNDLE_IDENTIFIER = com.thanhtung.MyAppUITests;
				PRODUCT_NAME = "$(TARGET_NAME)";
				SWIFT_VERSION = 4.0;
				TARGETED_DEVICE_FAMILY = "1,2";
				TEST_TARGET_NAME = MyApp;
			};
			name = Debug;
		};
		480DCF8E20B44B4500533B3A /* Release */ = {
			isa = XCBuildConfiguration;
			buildSettings = {
				ALWAYS_EMBED_SWIFT_STANDARD_LIBRARIES = YES;
				CODE_SIGN_STYLE = Automatic;
				DEVELOPMENT_TEAM = 47JG3M6R2V;
				INFOPLIST_FILE = MyAppUITests/Info.plist;
				LD_RUNPATH_SEARCH_PATHS = "$(inherited) @executable_path/Frameworks @loader_path/Frameworks";
				PRODUCT_BUNDLE_IDENTIFIER = com.thanhtung.MyAppUITests;
				PRODUCT_NAME = "$(TARGET_NAME)";
				SWIFT_VERSION = 4.0;
				TARGETED_DEVICE_FAMILY = "1,2";
				TEST_TARGET_NAME = MyApp;
			};
			name = Release;
		};
/* End XCBuildConfiguration section */

/* Begin XCConfigurationList section */
		480DCF5920B44B4400533B3A /* Build configuration list for PBXProject "MyApp" */ = {
			isa = XCConfigurationList;
			buildConfigurations = (
				480DCF8420B44B4500533B3A /* Debug */,
				480DCF8520B44B4500533B3A /* Release */,
			);
			defaultConfigurationIsVisible = 0;
			defaultConfigurationName = Release;
		};
		480DCF8620B44B4500533B3A /* Build configuration list for PBXNativeTarget "MyApp" */ = {
			isa = XCConfigurationList;
			buildConfigurations = (
				480DCF8720B44B4500533B3A /* Debug */,
				480DCF8820B44B4500533B3A /* Release */,
			);
			defaultConfigurationIsVisible = 0;
			defaultConfigurationName = Release;
		};
		480DCF8920B44B4500533B3A /* Build configuration list for PBXNativeTarget "MyAppTests" */ = {
			isa = XCConfigurationList;
			buildConfigurations = (
				480DCF8A20B44B4500533B3A /* Debug */,
				480DCF8B20B44B4500533B3A /* Release */,
			);
			defaultConfigurationIsVisible = 0;
			defaultConfigurationName = Release;
		};
		480DCF8C20B44B4500533B3A /* Build configuration list for PBXNativeTarget "MyAppUITests" */ = {
			isa = XCConfigurationList;
			buildConfigurations = (
				480DCF8D20B44B4500533B3A /* Debug */,
				480DCF8E20B44B4500533B3A /* Release */,
			);
			defaultConfigurationIsVisible = 0;
			defaultConfigurationName = Release;
		};
/* End XCConfigurationList section */
	};
	rootObject = 480DCF5620B44B4400533B3A /* Project object */;
}
